version = 1
revision = 3
requires-python = ">=3.9"

[[package]]
name = "hardsid4u"
version = "1.0.0"
source = { editable = "." }
dependencies = [
    { name = "libusb1" },
]

[package.metadata]
requires-dist = [{ name = "libusb1", specifier = ">=3.0" }]

[[package]]
name = "libusb1"
version = "3.4.0"
source = { registry = "https://pypi.org/simple" }
sdist = { url = "https://files.pythonhosted.org/packages/89/35/f9d2a990d092d647b47540cd229e1d68432c0f51183484ca189612a4824c/libusb1-3.4.0.tar.gz", hash = "sha256:9cf5638506d54f21bf36550d97ea63189111a23c4d8078f630103a2052135f45", size = 91206, upload-time = "2026-05-16T20:59:19.315Z" }
wheels = [
    { url = "https://files.pythonhosted.org/packages/d4/64/d4b59444e4d3b6979aa5eb58840634465a24b41a9ab03dcf8434c9b89551/libusb1-3.4.0-py3-none-any.whl", hash = "sha256:e83d034e44c3efe1c4599c6281d34bca50a38c12cab3b7b6217d583161a01ffd", size = 67373, upload-time = "2026-05-16T20:59:13.142Z" },
    { url = "https://files.pythonhosted.org/packages/7e/55/a838a4278fac4ee49bf670ddc59d621999a1cb2a3188fb13a23609ea4f06/libusb1-3.4.0-py3-none-win32.whl", hash = "sha256:0a1aa1416034690eb9dc9a895eda0fef44d853bca1053eb1de50a5906684846d", size = 129704, upload-time = "2026-05-16T20:59:15.243Z" },
    { url = "https://files.pythonhosted.org/packages/5f/08/02aecf6dad627534a5835244ece14d7f187ef430354d9b8551199934d059/libusb1-3.4.0-py3-none-win_amd64.whl", hash = "sha256:b7dcc1f324a895af6aac708bc5513a17373f97349cc2ab8a277519c788bd18ca", size = 141212, upload-time = "2026-05-16T20:59:17.286Z" },
]
